{
  "name": "pill-aid",
  "requires": true,
  "lockfileVersion": 1,
  "dependencies": {
    "@types/debug": {
      "version": "4.1.7",
      "resolved": "https://registry.npmjs.org/@types/debug/-/debug-4.1.7.tgz",
      "integrity": "sha512-9AonUzyTjXXhEOa0DnqpzZi6VHlqKMswga9EXjpXnnqxwLtdvPPtlO8evrI5D9S6asFRCQ6v+wpiUKbw+vKqyg==",
      "dev": true,
      "requires": {
        "@types/ms": "*"
      }
    },
    "@types/mdast": {
      "version": "3.0.10",
      "resolved": "https://registry.npmjs.org/@types/mdast/-/mdast-3.0.10.tgz",
      "integrity": "sha512-W864tg/Osz1+9f4lrGTZpCSO5/z4608eUp19tbozkq2HJK6i3z1kT0H9tlADXuYIb1YYOBByU4Jsqkk75q48qA==",
      "dev": true,
      "requires": {
        "@types/unist": "*"
      }
    },
    "@types/ms": {
      "version": "0.7.31",
      "resolved": "https://registry.npmjs.org/@types/ms/-/ms-0.7.31.tgz",
      "integrity": "sha512-iiUgKzV9AuaEkZqkOLDIvlQiL6ltuZd9tGcW3gwpnX8JbuiuhFlEGmmFXEXkN50Cvq7Os88IY2v0dkDqXYWVgA==",
      "dev": true
    },
    "@types/unist": {
      "version": "2.0.6",
      "resolved": "https://registry.npmjs.org/@types/unist/-/unist-2.0.6.tgz",
      "integrity": "sha512-PBjIUxZHOuj0R15/xuwJYjFi+KZdNFrehocChv4g5hu6aFroHue8m0lBP0POdK2nKzbw0cgV1mws8+V/JAcEkQ==",
      "dev": true
    },
    "aggregate-error": {
      "version": "3.1.0",
      "resolved": "https://registry.npmjs.org/aggregate-error/-/aggregate-error-3.1.0.tgz",
      "integrity": "sha512-4I7Td01quW/RpocfNayFdFVk1qSuoh0E7JrbRJ16nH01HhKFQ88INq9Sd+nd72zqRySlr9BmDA8xlEJ6vJMrYA==",
      "dev": true,
      "requires": {
        "clean-stack": "^2.0.0",
        "indent-string": "^4.0.0"
      }
    },
    "ansi-escapes": {
      "version": "4.3.2",
      "resolved": "https://registry.npmjs.org/ansi-escapes/-/ansi-escapes-4.3.2.tgz",
      "integrity": "sha512-gKXj5ALrKWQLsYG9jlTRmR/xKluxHV+Z9QEwNIgCfM1/uwPMCuzVVnh5mwTd+OuBZcwSIMbqssNWRm1lE51QaQ==",
      "dev": true,
      "requires": {
        "type-fest": "^0.21.3"
      }
    },
    "ansi-regex": {
      "version": "6.0.1",
      "resolved": "https://registry.npmjs.org/ansi-regex/-/ansi-regex-6.0.1.tgz",
      "integrity": "sha512-n5M855fKb2SsfMIiFFoVrABHJC8QtHwVx+mHWP3QcEqBHYienj5dHSgjbxtC0WEZXYt4wcD6zrQElDPhFuZgfA==",
      "dev": true
    },
    "ansi-styles": {
      "version": "6.2.1",
      "resolved": "https://registry.npmjs.org/ansi-styles/-/ansi-styles-6.2.1.tgz",
      "integrity": "sha512-bN798gFfQX+viw3R7yrGWRqnrN2oRkEkUjjl4JNn4E8GxxbjtG3FbrEIIY3l8/hrwUwIeCZvi4QuOTP4MErVug==",
      "dev": true
    },
    "astral-regex": {
      "version": "2.0.0",
      "resolved": "https://registry.npmjs.org/astral-regex/-/astral-regex-2.0.0.tgz",
      "integrity": "sha512-Z7tMw1ytTXt5jqMcOP+OQteU1VuNK9Y02uuJtKQ1Sv69jXQKKg5cibLwGJow8yzZP+eAc18EmLGPal0bp36rvQ==",
      "dev": true
    },
    "balanced-match": {
      "version": "1.0.2",
      "resolved": "https://registry.npmjs.org/balanced-match/-/balanced-match-1.0.2.tgz",
      "integrity": "sha512-3oSeUO0TMV67hN1AmbXsK4yaqU7tjiHlbxRDZOpH0KW9+CeX4bRAaX0Anxt0tx2MrpRpWwQaPwIlISEJhYU5Pw=="
    },
    "binary-searching": {
      "version": "2.0.5",
      "resolved": "https://registry.npmjs.org/binary-searching/-/binary-searching-2.0.5.tgz",
      "integrity": "sha512-v4N2l3RxL+m4zDxyxz3Ne2aTmiPn8ZUpKFpdPtO+ItW1NcTCXA7JeHG5GMBSvoKSkQZ9ycS+EouDVxYB9ufKWA==",
      "dev": true
    },
    "brace-expansion": {
      "version": "2.0.1",
      "resolved": "https://registry.npmjs.org/brace-expansion/-/brace-expansion-2.0.1.tgz",
      "integrity": "sha512-XnAIvQ8eM+kC6aULx6wuQiwVsnzsi9d3WxzV3FpWTGA19F621kwdbsAcFKXgKUHZWsy+mY6iL1sHTxWEFCytDA==",
      "requires": {
        "balanced-match": "^1.0.0"
      }
    },
    "braces": {
      "version": "3.0.2",
      "resolved": "https://registry.npmjs.org/braces/-/braces-3.0.2.tgz",
      "integrity": "sha512-b8um+L1RzM3WDSzvhm6gIz1yfTbBt6YTlcEKAvsmqCZZFw46z626lVj9j1yEPW33H5H+lBQpZMP1k8l+78Ha0A==",
      "dev": true,
      "requires": {
        "fill-range": "^7.0.1"
      }
    },
    "character-entities": {
      "version": "2.0.2",
      "resolved": "https://registry.npmjs.org/character-entities/-/character-entities-2.0.2.tgz",
      "integrity": "sha512-shx7oQ0Awen/BRIdkjkvz54PnEEI/EjwXDSIZp86/KKdbafHh1Df/RYGBhn4hbe2+uKC9FnT5UCEdyPz3ai9hQ==",
      "dev": true
    },
    "clean-stack": {
      "version": "2.2.0",
      "resolved": "https://registry.npmjs.org/clean-stack/-/clean-stack-2.2.0.tgz",
      "integrity": "sha512-4diC9HaTE+KRAMWhDhrGOECgWZxoevMc5TlkObMqNSsVU62PYzXZ/SMTjzyGAFF1YusgxGcSWTEXBhp0CPwQ1A==",
      "dev": true
    },
    "cli-cursor": {
      "version": "3.1.0",
      "resolved": "https://registry.npmjs.org/cli-cursor/-/cli-cursor-3.1.0.tgz",
      "integrity": "sha512-I/zHAwsKf9FqGoXM4WWRACob9+SNukZTd94DWF57E4toouRulbCxcUh6RKUEOQlYTHJnzkPMySvPNaaSLNfLZw==",
      "dev": true,
      "requires": {
        "restore-cursor": "^3.1.0"
      }
    },
    "cli-truncate": {
      "version": "3.1.0",
      "resolved": "https://registry.npmjs.org/cli-truncate/-/cli-truncate-3.1.0.tgz",
      "integrity": "sha512-wfOBkjXteqSnI59oPcJkcPl/ZmwvMMOj340qUIY1SKZCv0B9Cf4D4fAucRkIKQmsIuYK3x1rrgU7MeGRruiuiA==",
      "dev": true,
      "requires": {
        "slice-ansi": "^5.0.0",
        "string-width": "^5.0.0"
      }
    },
    "color-convert": {
      "version": "2.0.1",
      "resolved": "https://registry.npmjs.org/color-convert/-/color-convert-2.0.1.tgz",
      "integrity": "sha512-RRECPsj7iu/xb5oKYcsFHSppFNnsj/52OVTRKb4zP5onXwVF3zVmmToNcOfGC+CRDpfK/U584fMg38ZHCaElKQ==",
      "dev": true,
      "requires": {
        "color-name": "~1.1.4"
      }
    },
    "color-name": {
      "version": "1.1.4",
      "resolved": "https://registry.npmjs.org/color-name/-/color-name-1.1.4.tgz",
      "integrity": "sha512-dOy+3AuW3a2wNbZHIuMZpTcgjGuLU/uBL/ubcZF9OXbDo8ff4O8yVp5Bf0efS8uEoYo5q4Fx7dY9OgQGXgAsQA==",
      "dev": true
    },
    "colorette": {
      "version": "2.0.19",
      "resolved": "https://registry.npmjs.org/colorette/-/colorette-2.0.19.tgz",
      "integrity": "sha512-3tlv/dIP7FWvj3BsbHrGLJ6l/oKh1O3TcgBqMn+yyCagOxc23fyzDS6HypQbgxWbkpDnf52p1LuR4eWDQ/K9WQ==",
      "dev": true
    },
    "commander": {
      "version": "9.4.1",
      "resolved": "https://registry.npmjs.org/commander/-/commander-9.4.1.tgz",
      "integrity": "sha512-5EEkTNyHNGFPD2H+c/dXXfQZYa/scCKasxWcXJaWnNJ99pnQN9Vnmqow+p+PlFPE63Q6mThaZws1T+HxfpgtPw==",
      "dev": true
    },
    "comment-parser": {
      "version": "1.3.1",
      "resolved": "https://registry.npmjs.org/comment-parser/-/comment-parser-1.3.1.tgz",
      "integrity": "sha512-B52sN2VNghyq5ofvUsqZjmk6YkihBX5vMSChmSK9v4ShjKf3Vk5Xcmgpw4o+iIgtrnM/u5FiMpz9VKb8lpBveA==",
      "dev": true
    },
    "cross-spawn": {
      "version": "7.0.3",
      "resolved": "https://registry.npmjs.org/cross-spawn/-/cross-spawn-7.0.3.tgz",
      "integrity": "sha512-iRDPJKUPVEND7dHPO8rkbOnPpyDygcDFtWjpeWNCgy8WP2rXcxXL8TskReQl6OrB2G7+UJrags1q15Fudc7G6w==",
      "dev": true,
      "requires": {
        "path-key": "^3.1.0",
        "shebang-command": "^2.0.0",
        "which": "^2.0.1"
      }
    },
    "debug": {
      "version": "4.3.4",
      "resolved": "https://registry.npmjs.org/debug/-/debug-4.3.4.tgz",
      "integrity": "sha512-PRWFHuSU3eDtQJPvnNY7Jcket1j0t5OuOsFzPPzsekD52Zl8qUfFIPEiswXqIvHWGVHOgX+7G/vCNNhehwxfkQ==",
      "dev": true,
      "requires": {
        "ms": "2.1.2"
      }
    },
    "decode-named-character-reference": {
      "version": "1.0.2",
      "resolved": "https://registry.npmjs.org/decode-named-character-reference/-/decode-named-character-reference-1.0.2.tgz",
      "integrity": "sha512-O8x12RzrUF8xyVcY0KJowWsmaJxQbmy0/EtnNtHRpsOcT7dFk5W598coHqBVpmWo1oQQfsCqfCmkZN5DJrZVdg==",
      "dev": true,
      "requires": {
        "character-entities": "^2.0.0"
      }
    },
    "dequal": {
      "version": "2.0.3",
      "resolved": "https://registry.npmjs.org/dequal/-/dequal-2.0.3.tgz",
      "integrity": "sha512-0je+qPKHEMohvfRTCEo3CrPG6cAzAYgmzKyxRiYSSDkS6eGJdyVJm7WaYA5ECaAD9wLB2T4EEeymA5aFVcYXCA==",
      "dev": true
    },
    "diff": {
      "version": "5.1.0",
      "resolved": "https://registry.npmjs.org/diff/-/diff-5.1.0.tgz",
      "integrity": "sha512-D+mk+qE8VC/PAUrlAU34N+VfXev0ghe5ywmpqrawphmVZc1bEfn56uo9qpyGp1p4xpzOHkSW4ztBd6L7Xx4ACw==",
      "dev": true
    },
    "eastasianwidth": {
      "version": "0.2.0",
      "resolved": "https://registry.npmjs.org/eastasianwidth/-/eastasianwidth-0.2.0.tgz",
      "integrity": "sha512-I88TYZWc9XiYHRQ4/3c5rjjfgkjhLyW2luGIheGERbNQ6OY7yTybanSpDXZa8y7VUP9YmDcYa+eyq4ca7iLqWA==",
      "dev": true
    },
    "emoji-regex": {
      "version": "9.2.2",
      "resolved": "https://registry.npmjs.org/emoji-regex/-/emoji-regex-9.2.2.tgz",
      "integrity": "sha512-L18DaJsXSUk2+42pv8mLs5jJT2hqFkFE4j21wOmgbUqsZ2hL72NsUU785g9RXgo3s0ZNgVl42TiHp3ZtOv/Vyg==",
      "dev": true
    },
    "execa": {
      "version": "6.1.0",
      "resolved": "https://registry.npmjs.org/execa/-/execa-6.1.0.tgz",
      "integrity": "sha512-QVWlX2e50heYJcCPG0iWtf8r0xjEYfz/OYLGDYH+IyjWezzPNxz63qNFOu0l4YftGWuizFVZHHs8PrLU5p2IDA==",
      "dev": true,
      "requires": {
        "cross-spawn": "^7.0.3",
        "get-stream": "^6.0.1",
        "human-signals": "^3.0.1",
        "is-stream": "^3.0.0",
        "merge-stream": "^2.0.0",
        "npm-run-path": "^5.1.0",
        "onetime": "^6.0.0",
        "signal-exit": "^3.0.7",
        "strip-final-newline": "^3.0.0"
      }
    },
    "fill-range": {
      "version": "7.0.1",
      "resolved": "https://registry.npmjs.org/fill-range/-/fill-range-7.0.1.tgz",
      "integrity": "sha512-qOo9F+dMUmC2Lcb4BbVvnKJxTPjCm+RRpe4gDuGrzkL7mEVl/djYSu2OdQ2Pa302N4oqkSg9ir6jaLWJ2USVpQ==",
      "dev": true,
      "requires": {
        "to-regex-range": "^5.0.1"
      }
    },
    "fs.realpath": {
      "version": "1.0.0",
      "resolved": "https://registry.npmjs.org/fs.realpath/-/fs.realpath-1.0.0.tgz",
      "integrity": "sha512-OO0pH2lK6a0hZnAdau5ItzHPI6pUlvI7jMVnxUQRtw4owF2wk8lOSabtGDCTP4Ggrg2MbGnWO9X8K1t4+fGMDw=="
    },
    "get-stream": {
      "version": "6.0.1",
      "resolved": "https://registry.npmjs.org/get-stream/-/get-stream-6.0.1.tgz",
      "integrity": "sha512-ts6Wi+2j3jQjqi70w5AlN8DFnkSwC+MqmxEzdEALB2qXZYV3X/b1CTfgPLGJNMeAWxdPfU8FO1ms3NUfaHCPYg==",
      "dev": true
    },
    "glob": {
      "version": "8.0.3",
      "resolved": "https://registry.npmjs.org/glob/-/glob-8.0.3.tgz",
      "integrity": "sha512-ull455NHSHI/Y1FqGaaYFaLGkNMMJbavMrEGFXG/PGrg6y7sutWHUHrz6gy6WEBH6akM1M414dWKCNs+IhKdiQ==",
      "requires": {
        "fs.realpath": "^1.0.0",
        "inflight": "^1.0.4",
        "inherits": "2",
        "minimatch": "^5.0.1",
        "once": "^1.3.0"
      }
    },
    "human-signals": {
      "version": "3.0.1",
      "resolved": "https://registry.npmjs.org/human-signals/-/human-signals-3.0.1.tgz",
      "integrity": "sha512-rQLskxnM/5OCldHo+wNXbpVgDn5A17CUoKX+7Sokwaknlq7CdSnphy0W39GU8dw59XiCXmFXDg4fRuckQRKewQ==",
      "dev": true
    },
    "husky": {
      "version": "8.0.2",
      "resolved": "https://registry.npmjs.org/husky/-/husky-8.0.2.tgz",
      "integrity": "sha512-Tkv80jtvbnkK3mYWxPZePGFpQ/tT3HNSs/sasF9P2YfkMezDl3ON37YN6jUUI4eTg5LcyVynlb6r4eyvOmspvg==",
      "dev": true
    },
    "indent-string": {
      "version": "4.0.0",
      "resolved": "https://registry.npmjs.org/indent-string/-/indent-string-4.0.0.tgz",
      "integrity": "sha512-EdDDZu4A2OyIK7Lr/2zG+w5jmbuk1DVBnEwREQvBzspBJkCEbRa8GxU1lghYcaGJCnRWibjDXlq779X1/y5xwg==",
      "dev": true
    },
    "inflight": {
      "version": "1.0.6",
      "resolved": "https://registry.npmjs.org/inflight/-/inflight-1.0.6.tgz",
      "integrity": "sha512-k92I/b08q4wvFscXCLvqfsHCrjrF7yiXsQuIVvVE7N82W3+aqpzuUdBbfhWcy/FZR3/4IgflMgKLOsvPDrGCJA==",
      "requires": {
        "once": "^1.3.0",
        "wrappy": "1"
      }
    },
    "inherits": {
      "version": "2.0.4",
      "resolved": "https://registry.npmjs.org/inherits/-/inherits-2.0.4.tgz",
      "integrity": "sha512-k/vGaX4/Yla3WzyMCvTQOXYeIHvqOKtnqBduzTHpzpQZzAskKMhZ2K+EnBiSM9zGSoIFeMpXKxa4dYeZIQqewQ=="
    },
    "is-fullwidth-code-point": {
      "version": "4.0.0",
      "resolved": "https://registry.npmjs.org/is-fullwidth-code-point/-/is-fullwidth-code-point-4.0.0.tgz",
      "integrity": "sha512-O4L094N2/dZ7xqVdrXhh9r1KODPJpFms8B5sGdJLPy664AgvXsreZUyCQQNItZRDlYug4xStLjNp/sz3HvBowQ==",
      "dev": true
    },
    "is-number": {
      "version": "7.0.0",
      "resolved": "https://registry.npmjs.org/is-number/-/is-number-7.0.0.tgz",
      "integrity": "sha512-41Cifkg6e8TylSpdtTpeLVMqvSBEVzTttHvERD741+pnZ8ANv0004MRL43QKPDlK9cGvNp6NZWZUBlbGXYxxng==",
      "dev": true
    },
    "is-stream": {
      "version": "3.0.0",
      "resolved": "https://registry.npmjs.org/is-stream/-/is-stream-3.0.0.tgz",
      "integrity": "sha512-LnQR4bZ9IADDRSkvpqMGvt/tEJWclzklNgSw48V5EAaAeDd6qGvN8ei6k5p0tvxSR171VmGyHuTiAOfxAbr8kA==",
      "dev": true
    },
    "isexe": {
      "version": "2.0.0",
      "resolved": "https://registry.npmjs.org/isexe/-/isexe-2.0.0.tgz",
      "integrity": "sha512-RHxMLp9lnKHGHRng9QFhRCMbYAcVpn69smSGcq3f36xjgVVWThj4qqLbTLlq7Ssj8B+fIQ1EuCEGI2lKsyQeIw==",
      "dev": true
    },
    "kleur": {
      "version": "4.1.5",
      "resolved": "https://registry.npmjs.org/kleur/-/kleur-4.1.5.tgz",
      "integrity": "sha512-o+NO+8WrRiQEE4/7nwRJhN1HWpVmJm511pBHUxPLtp0BUISzlBplORYSmTclCnJvQq2tKu/sgl3xVpkc7ZWuQQ==",
      "dev": true
    },
    "lilconfig": {
      "version": "2.0.6",
      "resolved": "https://registry.npmjs.org/lilconfig/-/lilconfig-2.0.6.tgz",
      "integrity": "sha512-9JROoBW7pobfsx+Sq2JsASvCo6Pfo6WWoUW79HuB1BCoBXD4PLWJPqDF6fNj67pqBYTbAHkE57M1kS/+L1neOg==",
      "dev": true
    },
    "lint-staged": {
      "version": "13.0.4",
      "resolved": "https://registry.npmjs.org/lint-staged/-/lint-staged-13.0.4.tgz",
      "integrity": "sha512-HxlHCXoYRsq9QCby5wFozmZW00hMs/9e3l+/dz6Qr8Kle4UH0kJTdABAbqhzG+3pcG6QjL9kz7NgGBfph+a5dw==",
      "dev": true,
      "requires": {
        "cli-truncate": "^3.1.0",
        "colorette": "^2.0.19",
        "commander": "^9.4.1",
        "debug": "^4.3.4",
        "execa": "^6.1.0",
        "lilconfig": "2.0.6",
        "listr2": "^5.0.5",
        "micromatch": "^4.0.5",
        "normalize-path": "^3.0.0",
        "object-inspect": "^1.12.2",
        "pidtree": "^0.6.0",
        "string-argv": "^0.3.1",
        "yaml": "^2.1.3"
      }
    },
    "listr2": {
      "version": "5.0.5",
      "resolved": "https://registry.npmjs.org/listr2/-/listr2-5.0.5.tgz",
      "integrity": "sha512-DpBel6fczu7oQKTXMekeprc0o3XDgGMkD7JNYyX+X0xbwK+xgrx9dcyKoXKqpLSUvAWfmoePS7kavniOcq3r4w==",
      "dev": true,
      "requires": {
        "cli-truncate": "^2.1.0",
        "colorette": "^2.0.19",
        "log-update": "^4.0.0",
        "p-map": "^4.0.0",
        "rfdc": "^1.3.0",
        "rxjs": "^7.5.6",
        "through": "^2.3.8",
        "wrap-ansi": "^7.0.0"
      },
      "dependencies": {
        "ansi-regex": {
          "version": "5.0.1",
          "resolved": "https://registry.npmjs.org/ansi-regex/-/ansi-regex-5.0.1.tgz",
          "integrity": "sha512-quJQXlTSUGL2LH9SUXo8VwsY4soanhgo6LNSm84E1LBcE8s3O0wpdiRzyR9z/ZZJMlMWv37qOOb9pdJlMUEKFQ==",
          "dev": true
        },
        "ansi-styles": {
          "version": "4.3.0",
          "resolved": "https://registry.npmjs.org/ansi-styles/-/ansi-styles-4.3.0.tgz",
          "integrity": "sha512-zbB9rCJAT1rbjiVDb2hqKFHNYLxgtk8NURxZ3IZwD3F6NtxbXZQCnnSi1Lkx+IDohdPlFp222wVALIheZJQSEg==",
          "dev": true,
          "requires": {
            "color-convert": "^2.0.1"
          }
        },
        "cli-truncate": {
          "version": "2.1.0",
          "resolved": "https://registry.npmjs.org/cli-truncate/-/cli-truncate-2.1.0.tgz",
          "integrity": "sha512-n8fOixwDD6b/ObinzTrp1ZKFzbgvKZvuz/TvejnLn1aQfC6r52XEx85FmuC+3HI+JM7coBRXUvNqEU2PHVrHpg==",
          "dev": true,
          "requires": {
            "slice-ansi": "^3.0.0",
            "string-width": "^4.2.0"
          }
        },
        "emoji-regex": {
          "version": "8.0.0",
          "resolved": "https://registry.npmjs.org/emoji-regex/-/emoji-regex-8.0.0.tgz",
          "integrity": "sha512-MSjYzcWNOA0ewAHpz0MxpYFvwg6yjy1NG3xteoqz644VCo/RPgnr1/GGt+ic3iJTzQ8Eu3TdM14SawnVUmGE6A==",
          "dev": true
        },
        "is-fullwidth-code-point": {
          "version": "3.0.0",
          "resolved": "https://registry.npmjs.org/is-fullwidth-code-point/-/is-fullwidth-code-point-3.0.0.tgz",
          "integrity": "sha512-zymm5+u+sCsSWyD9qNaejV3DFvhCKclKdizYaJUuHA83RLjb7nSuGnddCHGv0hk+KY7BMAlsWeK4Ueg6EV6XQg==",
          "dev": true
        },
        "slice-ansi": {
          "version": "3.0.0",
          "resolved": "https://registry.npmjs.org/slice-ansi/-/slice-ansi-3.0.0.tgz",
          "integrity": "sha512-pSyv7bSTC7ig9Dcgbw9AuRNUb5k5V6oDudjZoMBSr13qpLBG7tB+zgCkARjq7xIUgdz5P1Qe8u+rSGdouOOIyQ==",
          "dev": true,
          "requires": {
            "ansi-styles": "^4.0.0",
            "astral-regex": "^2.0.0",
            "is-fullwidth-code-point": "^3.0.0"
          }
        },
        "string-width": {
          "version": "4.2.3",
          "resolved": "https://registry.npmjs.org/string-width/-/string-width-4.2.3.tgz",
          "integrity": "sha512-wKyQRQpjJ0sIp62ErSZdGsjMJWsap5oRNihHhu6G7JVO/9jIB6UyevL+tXuOqrng8j/cxKTWyWUwvSTriiZz/g==",
          "dev": true,
          "requires": {
            "emoji-regex": "^8.0.0",
            "is-fullwidth-code-point": "^3.0.0",
            "strip-ansi": "^6.0.1"
          }
        },
        "strip-ansi": {
          "version": "6.0.1",
          "resolved": "https://registry.npmjs.org/strip-ansi/-/strip-ansi-6.0.1.tgz",
          "integrity": "sha512-Y38VPSHcqkFrCpFnQ9vuSXmquuv5oXOKpGeT6aGrr3o3Gc9AlVa6JBfUSOCnbxGGZF+/0ooI7KrPuUSztUdU5A==",
          "dev": true,
          "requires": {
            "ansi-regex": "^5.0.1"
          }
        }
      }
    },
    "log-update": {
      "version": "4.0.0",
      "resolved": "https://registry.npmjs.org/log-update/-/log-update-4.0.0.tgz",
      "integrity": "sha512-9fkkDevMefjg0mmzWFBW8YkFP91OrizzkW3diF7CpG+S2EYdy4+TVfGwz1zeF8x7hCx1ovSPTOE9Ngib74qqUg==",
      "dev": true,
      "requires": {
        "ansi-escapes": "^4.3.0",
        "cli-cursor": "^3.1.0",
        "slice-ansi": "^4.0.0",
        "wrap-ansi": "^6.2.0"
      },
      "dependencies": {
        "ansi-regex": {
          "version": "5.0.1",
          "resolved": "https://registry.npmjs.org/ansi-regex/-/ansi-regex-5.0.1.tgz",
          "integrity": "sha512-quJQXlTSUGL2LH9SUXo8VwsY4soanhgo6LNSm84E1LBcE8s3O0wpdiRzyR9z/ZZJMlMWv37qOOb9pdJlMUEKFQ==",
          "dev": true
        },
        "ansi-styles": {
          "version": "4.3.0",
          "resolved": "https://registry.npmjs.org/ansi-styles/-/ansi-styles-4.3.0.tgz",
          "integrity": "sha512-zbB9rCJAT1rbjiVDb2hqKFHNYLxgtk8NURxZ3IZwD3F6NtxbXZQCnnSi1Lkx+IDohdPlFp222wVALIheZJQSEg==",
          "dev": true,
          "requires": {
            "color-convert": "^2.0.1"
          }
        },
        "emoji-regex": {
          "version": "8.0.0",
          "resolved": "https://registry.npmjs.org/emoji-regex/-/emoji-regex-8.0.0.tgz",
          "integrity": "sha512-MSjYzcWNOA0ewAHpz0MxpYFvwg6yjy1NG3xteoqz644VCo/RPgnr1/GGt+ic3iJTzQ8Eu3TdM14SawnVUmGE6A==",
          "dev": true
        },
        "is-fullwidth-code-point": {
          "version": "3.0.0",
          "resolved": "https://registry.npmjs.org/is-fullwidth-code-point/-/is-fullwidth-code-point-3.0.0.tgz",
          "integrity": "sha512-zymm5+u+sCsSWyD9qNaejV3DFvhCKclKdizYaJUuHA83RLjb7nSuGnddCHGv0hk+KY7BMAlsWeK4Ueg6EV6XQg==",
          "dev": true
        },
        "slice-ansi": {
          "version": "4.0.0",
          "resolved": "https://registry.npmjs.org/slice-ansi/-/slice-ansi-4.0.0.tgz",
          "integrity": "sha512-qMCMfhY040cVHT43K9BFygqYbUPFZKHOg7K73mtTWJRb8pyP3fzf4Ixd5SzdEJQ6MRUg/WBnOLxghZtKKurENQ==",
          "dev": true,
          "requires": {
            "ansi-styles": "^4.0.0",
            "astral-regex": "^2.0.0",
            "is-fullwidth-code-point": "^3.0.0"
          }
        },
        "string-width": {
          "version": "4.2.3",
          "resolved": "https://registry.npmjs.org/string-width/-/string-width-4.2.3.tgz",
          "integrity": "sha512-wKyQRQpjJ0sIp62ErSZdGsjMJWsap5oRNihHhu6G7JVO/9jIB6UyevL+tXuOqrng8j/cxKTWyWUwvSTriiZz/g==",
          "dev": true,
          "requires": {
            "emoji-regex": "^8.0.0",
            "is-fullwidth-code-point": "^3.0.0",
            "strip-ansi": "^6.0.1"
          }
        },
        "strip-ansi": {
          "version": "6.0.1",
          "resolved": "https://registry.npmjs.org/strip-ansi/-/strip-ansi-6.0.1.tgz",
          "integrity": "sha512-Y38VPSHcqkFrCpFnQ9vuSXmquuv5oXOKpGeT6aGrr3o3Gc9AlVa6JBfUSOCnbxGGZF+/0ooI7KrPuUSztUdU5A==",
          "dev": true,
          "requires": {
            "ansi-regex": "^5.0.1"
          }
        },
        "wrap-ansi": {
          "version": "6.2.0",
          "resolved": "https://registry.npmjs.org/wrap-ansi/-/wrap-ansi-6.2.0.tgz",
          "integrity": "sha512-r6lPcBGxZXlIcymEu7InxDMhdW0KDxpLgoFLcguasxCaJ/SOIZwINatK9KY/tf+ZrlywOKU0UDj3ATXUBfxJXA==",
          "dev": true,
          "requires": {
            "ansi-styles": "^4.0.0",
            "string-width": "^4.1.0",
            "strip-ansi": "^6.0.0"
          }
        }
      }
    },
    "mdast-util-from-markdown": {
      "version": "1.2.0",
      "resolved": "https://registry.npmjs.org/mdast-util-from-markdown/-/mdast-util-from-markdown-1.2.0.tgz",
      "integrity": "sha512-iZJyyvKD1+K7QX1b5jXdE7Sc5dtoTry1vzV28UZZe8Z1xVnB/czKntJ7ZAkG0tANqRnBF6p3p7GpU1y19DTf2Q==",
      "dev": true,
      "requires": {
        "@types/mdast": "^3.0.0",
        "@types/unist": "^2.0.0",
        "decode-named-character-reference": "^1.0.0",
        "mdast-util-to-string": "^3.1.0",
        "micromark": "^3.0.0",
        "micromark-util-decode-numeric-character-reference": "^1.0.0",
        "micromark-util-decode-string": "^1.0.0",
        "micromark-util-normalize-identifier": "^1.0.0",
        "micromark-util-symbol": "^1.0.0",
        "micromark-util-types": "^1.0.0",
        "unist-util-stringify-position": "^3.0.0",
        "uvu": "^0.5.0"
      }
    },
    "mdast-util-to-string": {
      "version": "3.1.0",
      "resolved": "https://registry.npmjs.org/mdast-util-to-string/-/mdast-util-to-string-3.1.0.tgz",
      "integrity": "sha512-n4Vypz/DZgwo0iMHLQL49dJzlp7YtAJP+N07MZHpjPf/5XJuHUWstviF4Mn2jEiR/GNmtnRRqnwsXExk3igfFA==",
      "dev": true
    },
    "merge-stream": {
      "version": "2.0.0",
      "resolved": "https://registry.npmjs.org/merge-stream/-/merge-stream-2.0.0.tgz",
      "integrity": "sha512-abv/qOcuPfk3URPfDzmZU1LKmuw8kT+0nIHvKrKgFrwifol/doWcdA4ZqsWQ8ENrFKkd67Mfpo/LovbIUsbt3w==",
      "dev": true
    },
    "micromark": {
      "version": "3.1.0",
      "resolved": "https://registry.npmjs.org/micromark/-/micromark-3.1.0.tgz",
      "integrity": "sha512-6Mj0yHLdUZjHnOPgr5xfWIMqMWS12zDN6iws9SLuSz76W8jTtAv24MN4/CL7gJrl5vtxGInkkqDv/JIoRsQOvA==",
      "dev": true,
      "requires": {
        "@types/debug": "^4.0.0",
        "debug": "^4.0.0",
        "decode-named-character-reference": "^1.0.0",
        "micromark-core-commonmark": "^1.0.1",
        "micromark-factory-space": "^1.0.0",
        "micromark-util-character": "^1.0.0",
        "micromark-util-chunked": "^1.0.0",
        "micromark-util-combine-extensions": "^1.0.0",
        "micromark-util-decode-numeric-character-reference": "^1.0.0",
        "micromark-util-encode": "^1.0.0",
        "micromark-util-normalize-identifier": "^1.0.0",
        "micromark-util-resolve-all": "^1.0.0",
        "micromark-util-sanitize-uri": "^1.0.0",
        "micromark-util-subtokenize": "^1.0.0",
        "micromark-util-symbol": "^1.0.0",
        "micromark-util-types": "^1.0.1",
        "uvu": "^0.5.0"
      }
    },
    "micromark-core-commonmark": {
      "version": "1.0.6",
      "resolved": "https://registry.npmjs.org/micromark-core-commonmark/-/micromark-core-commonmark-1.0.6.tgz",
      "integrity": "sha512-K+PkJTxqjFfSNkfAhp4GB+cZPfQd6dxtTXnf+RjZOV7T4EEXnvgzOcnp+eSTmpGk9d1S9sL6/lqrgSNn/s0HZA==",
      "dev": true,
      "requires": {
        "decode-named-character-reference": "^1.0.0",
        "micromark-factory-destination": "^1.0.0",
        "micromark-factory-label": "^1.0.0",
        "micromark-factory-space": "^1.0.0",
        "micromark-factory-title": "^1.0.0",
        "micromark-factory-whitespace": "^1.0.0",
        "micromark-util-character": "^1.0.0",
        "micromark-util-chunked": "^1.0.0",
        "micromark-util-classify-character": "^1.0.0",
        "micromark-util-html-tag-name": "^1.0.0",
        "micromark-util-normalize-identifier": "^1.0.0",
        "micromark-util-resolve-all": "^1.0.0",
        "micromark-util-subtokenize": "^1.0.0",
        "micromark-util-symbol": "^1.0.0",
        "micromark-util-types": "^1.0.1",
        "uvu": "^0.5.0"
      }
    },
    "micromark-factory-destination": {
      "version": "1.0.0",
      "resolved": "https://registry.npmjs.org/micromark-factory-destination/-/micromark-factory-destination-1.0.0.tgz",
      "integrity": "sha512-eUBA7Rs1/xtTVun9TmV3gjfPz2wEwgK5R5xcbIM5ZYAtvGF6JkyaDsj0agx8urXnO31tEO6Ug83iVH3tdedLnw==",
      "dev": true,
      "requires": {
        "micromark-util-character": "^1.0.0",
        "micromark-util-symbol": "^1.0.0",
        "micromark-util-types": "^1.0.0"
      }
    },
    "micromark-factory-label": {
      "version": "1.0.2",
      "resolved": "https://registry.npmjs.org/micromark-factory-label/-/micromark-factory-label-1.0.2.tgz",
      "integrity": "sha512-CTIwxlOnU7dEshXDQ+dsr2n+yxpP0+fn271pu0bwDIS8uqfFcumXpj5mLn3hSC8iw2MUr6Gx8EcKng1dD7i6hg==",
      "dev": true,
      "requires": {
        "micromark-util-character": "^1.0.0",
        "micromark-util-symbol": "^1.0.0",
        "micromark-util-types": "^1.0.0",
        "uvu": "^0.5.0"
      }
    },
    "micromark-factory-space": {
      "version": "1.0.0",
      "resolved": "https://registry.npmjs.org/micromark-factory-space/-/micromark-factory-space-1.0.0.tgz",
      "integrity": "sha512-qUmqs4kj9a5yBnk3JMLyjtWYN6Mzfcx8uJfi5XAveBniDevmZasdGBba5b4QsvRcAkmvGo5ACmSUmyGiKTLZew==",
      "dev": true,
      "requires": {
        "micromark-util-character": "^1.0.0",
        "micromark-util-types": "^1.0.0"
      }
    },
    "micromark-factory-title": {
      "version": "1.0.2",
      "resolved": "https://registry.npmjs.org/micromark-factory-title/-/micromark-factory-title-1.0.2.tgz",
      "integrity": "sha512-zily+Nr4yFqgMGRKLpTVsNl5L4PMu485fGFDOQJQBl2NFpjGte1e86zC0da93wf97jrc4+2G2GQudFMHn3IX+A==",
      "dev": true,
      "requires": {
        "micromark-factory-space": "^1.0.0",
        "micromark-util-character": "^1.0.0",
        "micromark-util-symbol": "^1.0.0",
        "micromark-util-types": "^1.0.0",
        "uvu": "^0.5.0"
      }
    },
    "micromark-factory-whitespace": {
      "version": "1.0.0",
      "resolved": "https://registry.npmjs.org/micromark-factory-whitespace/-/micromark-factory-whitespace-1.0.0.tgz",
      "integrity": "sha512-Qx7uEyahU1lt1RnsECBiuEbfr9INjQTGa6Err+gF3g0Tx4YEviPbqqGKNv/NrBaE7dVHdn1bVZKM/n5I/Bak7A==",
      "dev": true,
      "requires": {
        "micromark-factory-space": "^1.0.0",
        "micromark-util-character": "^1.0.0",
        "micromark-util-symbol": "^1.0.0",
        "micromark-util-types": "^1.0.0"
      }
    },
    "micromark-util-character": {
      "version": "1.1.0",
      "resolved": "https://registry.npmjs.org/micromark-util-character/-/micromark-util-character-1.1.0.tgz",
      "integrity": "sha512-agJ5B3unGNJ9rJvADMJ5ZiYjBRyDpzKAOk01Kpi1TKhlT1APx3XZk6eN7RtSz1erbWHC2L8T3xLZ81wdtGRZzg==",
      "dev": true,
      "requires": {
        "micromark-util-symbol": "^1.0.0",
        "micromark-util-types": "^1.0.0"
      }
    },
    "micromark-util-chunked": {
      "version": "1.0.0",
      "resolved": "https://registry.npmjs.org/micromark-util-chunked/-/micromark-util-chunked-1.0.0.tgz",
      "integrity": "sha512-5e8xTis5tEZKgesfbQMKRCyzvffRRUX+lK/y+DvsMFdabAicPkkZV6gO+FEWi9RfuKKoxxPwNL+dFF0SMImc1g==",
      "dev": true,
      "requires": {
        "micromark-util-symbol": "^1.0.0"
      }
    },
    "micromark-util-classify-character": {
      "version": "1.0.0",
      "resolved": "https://registry.npmjs.org/micromark-util-classify-character/-/micromark-util-classify-character-1.0.0.tgz",
      "integrity": "sha512-F8oW2KKrQRb3vS5ud5HIqBVkCqQi224Nm55o5wYLzY/9PwHGXC01tr3d7+TqHHz6zrKQ72Okwtvm/xQm6OVNZA==",
      "dev": true,
      "requires": {
        "micromark-util-character": "^1.0.0",
        "micromark-util-symbol": "^1.0.0",
        "micromark-util-types": "^1.0.0"
      }
    },
    "micromark-util-combine-extensions": {
      "version": "1.0.0",
      "resolved": "https://registry.npmjs.org/micromark-util-combine-extensions/-/micromark-util-combine-extensions-1.0.0.tgz",
      "integrity": "sha512-J8H058vFBdo/6+AsjHp2NF7AJ02SZtWaVUjsayNFeAiydTxUwViQPxN0Hf8dp4FmCQi0UUFovFsEyRSUmFH3MA==",
      "dev": true,
      "requires": {
        "micromark-util-chunked": "^1.0.0",
        "micromark-util-types": "^1.0.0"
      }
    },
    "micromark-util-decode-numeric-character-reference": {
      "version": "1.0.0",
      "resolved": "https://registry.npmjs.org/micromark-util-decode-numeric-character-reference/-/micromark-util-decode-numeric-character-reference-1.0.0.tgz",
      "integrity": "sha512-OzO9AI5VUtrTD7KSdagf4MWgHMtET17Ua1fIpXTpuhclCqD8egFWo85GxSGvxgkGS74bEahvtM0WP0HjvV0e4w==",
      "dev": true,
      "requires": {
        "micromark-util-symbol": "^1.0.0"
      }
    },
    "micromark-util-decode-string": {
      "version": "1.0.2",
      "resolved": "https://registry.npmjs.org/micromark-util-decode-string/-/micromark-util-decode-string-1.0.2.tgz",
      "integrity": "sha512-DLT5Ho02qr6QWVNYbRZ3RYOSSWWFuH3tJexd3dgN1odEuPNxCngTCXJum7+ViRAd9BbdxCvMToPOD/IvVhzG6Q==",
      "dev": true,
      "requires": {
        "decode-named-character-reference": "^1.0.0",
        "micromark-util-character": "^1.0.0",
        "micromark-util-decode-numeric-character-reference": "^1.0.0",
        "micromark-util-symbol": "^1.0.0"
      }
    },
    "micromark-util-encode": {
      "version": "1.0.1",
      "resolved": "https://registry.npmjs.org/micromark-util-encode/-/micromark-util-encode-1.0.1.tgz",
      "integrity": "sha512-U2s5YdnAYexjKDel31SVMPbfi+eF8y1U4pfiRW/Y8EFVCy/vgxk/2wWTxzcqE71LHtCuCzlBDRU2a5CQ5j+mQA==",
      "dev": true
    },
    "micromark-util-html-tag-name": {
      "version": "1.1.0",
      "resolved": "https://registry.npmjs.org/micromark-util-html-tag-name/-/micromark-util-html-tag-name-1.1.0.tgz",
      "integrity": "sha512-BKlClMmYROy9UiV03SwNmckkjn8QHVaWkqoAqzivabvdGcwNGMMMH/5szAnywmsTBUzDsU57/mFi0sp4BQO6dA==",
      "dev": true
    },
    "micromark-util-normalize-identifier": {
      "version": "1.0.0",
      "resolved": "https://registry.npmjs.org/micromark-util-normalize-identifier/-/micromark-util-normalize-identifier-1.0.0.tgz",
      "integrity": "sha512-yg+zrL14bBTFrQ7n35CmByWUTFsgst5JhA4gJYoty4Dqzj4Z4Fr/DHekSS5aLfH9bdlfnSvKAWsAgJhIbogyBg==",
      "dev": true,
      "requires": {
        "micromark-util-symbol": "^1.0.0"
      }
    },
    "micromark-util-resolve-all": {
      "version": "1.0.0",
      "resolved": "https://registry.npmjs.org/micromark-util-resolve-all/-/micromark-util-resolve-all-1.0.0.tgz",
      "integrity": "sha512-CB/AGk98u50k42kvgaMM94wzBqozSzDDaonKU7P7jwQIuH2RU0TeBqGYJz2WY1UdihhjweivStrJ2JdkdEmcfw==",
      "dev": true,
      "requires": {
        "micromark-util-types": "^1.0.0"
      }
    },
    "micromark-util-sanitize-uri": {
      "version": "1.1.0",
      "resolved": "https://registry.npmjs.org/micromark-util-sanitize-uri/-/micromark-util-sanitize-uri-1.1.0.tgz",
      "integrity": "sha512-RoxtuSCX6sUNtxhbmsEFQfWzs8VN7cTctmBPvYivo98xb/kDEoTCtJQX5wyzIYEmk/lvNFTat4hL8oW0KndFpg==",
      "dev": true,
      "requires": {
        "micromark-util-character": "^1.0.0",
        "micromark-util-encode": "^1.0.0",
        "micromark-util-symbol": "^1.0.0"
      }
    },
    "micromark-util-subtokenize": {
      "version": "1.0.2",
      "resolved": "https://registry.npmjs.org/micromark-util-subtokenize/-/micromark-util-subtokenize-1.0.2.tgz",
      "integrity": "sha512-d90uqCnXp/cy4G881Ub4psE57Sf8YD0pim9QdjCRNjfas2M1u6Lbt+XZK9gnHL2XFhnozZiEdCa9CNfXSfQ6xA==",
      "dev": true,
      "requires": {
        "micromark-util-chunked": "^1.0.0",
        "micromark-util-symbol": "^1.0.0",
        "micromark-util-types": "^1.0.0",
        "uvu": "^0.5.0"
      }
    },
    "micromark-util-symbol": {
      "version": "1.0.1",
      "resolved": "https://registry.npmjs.org/micromark-util-symbol/-/micromark-util-symbol-1.0.1.tgz",
      "integrity": "sha512-oKDEMK2u5qqAptasDAwWDXq0tG9AssVwAx3E9bBF3t/shRIGsWIRG+cGafs2p/SnDSOecnt6hZPCE2o6lHfFmQ==",
      "dev": true
    },
    "micromark-util-types": {
      "version": "1.0.2",
      "resolved": "https://registry.npmjs.org/micromark-util-types/-/micromark-util-types-1.0.2.tgz",
      "integrity": "sha512-DCfg/T8fcrhrRKTPjRrw/5LLvdGV7BHySf/1LOZx7TzWZdYRjogNtyNq885z3nNallwr3QUKARjqvHqX1/7t+w==",
      "dev": true
    },
    "micromatch": {
      "version": "4.0.5",
      "resolved": "https://registry.npmjs.org/micromatch/-/micromatch-4.0.5.tgz",
      "integrity": "sha512-DMy+ERcEW2q8Z2Po+WNXuw3c5YaUSFjAO5GsJqfEl7UjvtIuFKO6ZrKvcItdy98dwFI2N1tg3zNIdKaQT+aNdA==",
      "dev": true,
      "requires": {
        "braces": "^3.0.2",
        "picomatch": "^2.3.1"
      }
    },
    "mimic-fn": {
      "version": "4.0.0",
      "resolved": "https://registry.npmjs.org/mimic-fn/-/mimic-fn-4.0.0.tgz",
      "integrity": "sha512-vqiC06CuhBTUdZH+RYl8sFrL096vA45Ok5ISO6sE/Mr1jRbGH4Csnhi8f3wKVl7x8mO4Au7Ir9D3Oyv1VYMFJw==",
      "dev": true
    },
    "minimatch": {
      "version": "5.1.0",
      "resolved": "https://registry.npmjs.org/minimatch/-/minimatch-5.1.0.tgz",
      "integrity": "sha512-9TPBGGak4nHfGZsPBohm9AWg6NoT7QTCehS3BIJABslyZbzxfV78QM2Y6+i741OPZIafFAaiiEMh5OyIrJPgtg==",
      "requires": {
        "brace-expansion": "^2.0.1"
      }
    },
    "mri": {
      "version": "1.2.0",
      "resolved": "https://registry.npmjs.org/mri/-/mri-1.2.0.tgz",
      "integrity": "sha512-tzzskb3bG8LvYGFF/mDTpq3jpI6Q9wc3LEmBaghu+DdCssd1FakN7Bc0hVNmEyGq1bq3RgfkCb3cmQLpNPOroA==",
      "dev": true
    },
    "ms": {
      "version": "2.1.2",
      "resolved": "https://registry.npmjs.org/ms/-/ms-2.1.2.tgz",
      "integrity": "sha512-sGkPx+VjMtmA6MX27oA4FBFELFCZZ4S4XqeGOXCv68tT+jb3vk/RyaKWP0PTKyWtmLSM0b+adUTEvbs1PEaH2w==",
      "dev": true
    },
    "normalize-path": {
      "version": "3.0.0",
      "resolved": "https://registry.npmjs.org/normalize-path/-/normalize-path-3.0.0.tgz",
      "integrity": "sha512-6eZs5Ls3WtCisHWp9S2GUy8dqkpGi4BVSz3GaqiE6ezub0512ESztXUwUB6C6IKbQkY2Pnb/mD4WYojCRwcwLA==",
      "dev": true
    },
    "npm-run-path": {
      "version": "5.1.0",
      "resolved": "https://registry.npmjs.org/npm-run-path/-/npm-run-path-5.1.0.tgz",
      "integrity": "sha512-sJOdmRGrY2sjNTRMbSvluQqg+8X7ZK61yvzBEIDhz4f8z1TZFYABsqjjCBd/0PUNE9M6QDgHJXQkGUEm7Q+l9Q==",
      "dev": true,
      "requires": {
        "path-key": "^4.0.0"
      },
      "dependencies": {
        "path-key": {
          "version": "4.0.0",
          "resolved": "https://registry.npmjs.org/path-key/-/path-key-4.0.0.tgz",
          "integrity": "sha512-haREypq7xkM7ErfgIyA0z+Bj4AGKlMSdlQE2jvJo6huWD1EdkKYV+G/T4nq0YEF2vgTT8kqMFKo1uHn950r4SQ==",
          "dev": true
        }
      }
    },
    "object-inspect": {
      "version": "1.12.2",
      "resolved": "https://registry.npmjs.org/object-inspect/-/object-inspect-1.12.2.tgz",
      "integrity": "sha512-z+cPxW0QGUp0mcqcsgQyLVRDoXFQbXOwBaqyF7VIgI4TWNQsDHrBpUQslRmIfAoYWdYzs6UlKJtB2XJpTaNSpQ==",
      "dev": true
    },
    "once": {
      "version": "1.4.0",
      "resolved": "https://registry.npmjs.org/once/-/once-1.4.0.tgz",
      "integrity": "sha512-lNaJgI+2Q5URQBkccEKHTQOPaXdUxnZZElQTZY0MFUAuaEqe1E+Nyvgdz/aIyNi6Z9MzO5dv1H8n58/GELp3+w==",
      "requires": {
        "wrappy": "1"
      }
    },
    "onetime": {
      "version": "6.0.0",
      "resolved": "https://registry.npmjs.org/onetime/-/onetime-6.0.0.tgz",
      "integrity": "sha512-1FlR+gjXK7X+AsAHso35MnyN5KqGwJRi/31ft6x0M194ht7S+rWAvd7PHss9xSKMzE0asv1pyIHaJYq+BbacAQ==",
      "dev": true,
      "requires": {
        "mimic-fn": "^4.0.0"
      }
    },
    "p-map": {
      "version": "4.0.0",
      "resolved": "https://registry.npmjs.org/p-map/-/p-map-4.0.0.tgz",
      "integrity": "sha512-/bjOqmgETBYB5BoEeGVea8dmvHb2m9GLy1E9W43yeyfP6QQCZGFNa+XRceJEuDB6zqr+gKpIAmlLebMpykw/MQ==",
      "dev": true,
      "requires": {
        "aggregate-error": "^3.0.0"
      }
    },
    "path-key": {
      "version": "3.1.1",
      "resolved": "https://registry.npmjs.org/path-key/-/path-key-3.1.1.tgz",
      "integrity": "sha512-ojmeN0qd+y0jszEtoY48r0Peq5dwMEkIlCOu6Q5f41lfkswXuKtYrhgoTpLnyIcHm24Uhqx+5Tqm2InSwLhE6Q==",
      "dev": true
    },
    "picomatch": {
      "version": "2.3.1",
      "resolved": "https://registry.npmjs.org/picomatch/-/picomatch-2.3.1.tgz",
      "integrity": "sha512-JU3teHTNjmE2VCGFzuY8EXzCDVwEqB2a8fsIvwaStHhAWJEeVd1o1QD80CU6+ZdEXXSLbSsuLwJjkCBWqRQUVA==",
      "dev": true
    },
    "pidtree": {
      "version": "0.6.0",
      "resolved": "https://registry.npmjs.org/pidtree/-/pidtree-0.6.0.tgz",
      "integrity": "sha512-eG2dWTVw5bzqGRztnHExczNxt5VGsE6OwTeCG3fdUf9KBsZzO3R5OIIIzWR+iZA0NtZ+RDVdaoE2dK1cn6jH4g==",
      "dev": true
    },
    "prettier": {
      "version": "2.8.0",
      "resolved": "https://registry.npmjs.org/prettier/-/prettier-2.8.0.tgz",
      "integrity": "sha512-9Lmg8hTFZKG0Asr/kW9Bp8tJjRVluO8EJQVfY2T7FMw9T5jy4I/Uvx0Rca/XWf50QQ1/SS48+6IJWnrb+2yemA==",
      "dev": true
    },
    "prettier-plugin-jsdoc": {
      "version": "0.4.2",
      "resolved": "https://registry.npmjs.org/prettier-plugin-jsdoc/-/prettier-plugin-jsdoc-0.4.2.tgz",
      "integrity": "sha512-w2jnAQm3z0GAG0bhzVJeehzDtrhGMSxJjit5ApCc2oxWfc7+jmLAkbtdOXaSpfwZz3IWkk+PiQPeRrLNpbM+Mw==",
      "dev": true,
      "requires": {
        "binary-searching": "^2.0.5",
        "comment-parser": "^1.3.1",
        "mdast-util-from-markdown": "^1.2.0"
      }
    },
    "prettier-plugin-package": {
      "version": "1.3.0",
      "resolved": "https://registry.npmjs.org/prettier-plugin-package/-/prettier-plugin-package-1.3.0.tgz",
      "integrity": "sha512-KPNHR/Jm2zTevBp1SnjzMnooO1BOQW2bixVbOp8flOJoW+dxdDwEncObfsKZdkjwrv6AIH4oWqm5EO/etDmK9Q==",
      "dev": true
    },
    "restore-cursor": {
      "version": "3.1.0",
      "resolved": "https://registry.npmjs.org/restore-cursor/-/restore-cursor-3.1.0.tgz",
      "integrity": "sha512-l+sSefzHpj5qimhFSE5a8nufZYAM3sBSVMAPtYkmC+4EH2anSGaEMXSD0izRQbu9nfyQ9y5JrVmp7E8oZrUjvA==",
      "dev": true,
      "requires": {
        "onetime": "^5.1.0",
        "signal-exit": "^3.0.2"
      },
      "dependencies": {
        "mimic-fn": {
          "version": "2.1.0",
          "resolved": "https://registry.npmjs.org/mimic-fn/-/mimic-fn-2.1.0.tgz",
          "integrity": "sha512-OqbOk5oEQeAZ8WXWydlu9HJjz9WVdEIvamMCcXmuqUYjTknH/sqsWvhQ3vgwKFRR1HpjvNBKQ37nbJgYzGqGcg==",
          "dev": true
        },
        "onetime": {
          "version": "5.1.2",
          "resolved": "https://registry.npmjs.org/onetime/-/onetime-5.1.2.tgz",
          "integrity": "sha512-kbpaSSGJTWdAY5KPVeMOKXSrPtr8C8C7wodJbcsd51jRnmD+GZu8Y0VoU6Dm5Z4vWr0Ig/1NKuWRKf7j5aaYSg==",
          "dev": true,
          "requires": {
            "mimic-fn": "^2.1.0"
          }
        }
      }
    },
    "rfdc": {
      "version": "1.3.0",
      "resolved": "https://registry.npmjs.org/rfdc/-/rfdc-1.3.0.tgz",
      "integrity": "sha512-V2hovdzFbOi77/WajaSMXk2OLm+xNIeQdMMuB7icj7bk6zi2F8GGAxigcnDFpJHbNyNcgyJDiP+8nOrY5cZGrA==",
      "dev": true
    },
    "rxjs": {
      "version": "7.5.7",
      "resolved": "https://registry.npmjs.org/rxjs/-/rxjs-7.5.7.tgz",
      "integrity": "sha512-z9MzKh/UcOqB3i20H6rtrlaE/CgjLOvheWK/9ILrbhROGTweAi1BaFsTT9FbwZi5Trr1qNRs+MXkhmR06awzQA==",
      "dev": true,
      "requires": {
        "tslib": "^2.1.0"
      }
    },
    "sade": {
      "version": "1.8.1",
      "resolved": "https://registry.npmjs.org/sade/-/sade-1.8.1.tgz",
      "integrity": "sha512-xal3CZX1Xlo/k4ApwCFrHVACi9fBqJ7V+mwhBsuf/1IOKbBy098Fex+Wa/5QMubw09pSZ/u8EY8PWgevJsXp1A==",
      "dev": true,
      "requires": {
        "mri": "^1.1.0"
      }
    },
    "shebang-command": {
      "version": "2.0.0",
      "resolved": "https://registry.npmjs.org/shebang-command/-/shebang-command-2.0.0.tgz",
      "integrity": "sha512-kHxr2zZpYtdmrN1qDjrrX/Z1rR1kG8Dx+gkpK1G4eXmvXswmcE1hTWBWYUzlraYw1/yZp6YuDY77YtvbN0dmDA==",
      "dev": true,
      "requires": {
        "shebang-regex": "^3.0.0"
      }
    },
    "shebang-regex": {
      "version": "3.0.0",
      "resolved": "https://registry.npmjs.org/shebang-regex/-/shebang-regex-3.0.0.tgz",
      "integrity": "sha512-7++dFhtcx3353uBaq8DDR4NuxBetBzC7ZQOhmTQInHEd6bSrXdiEyzCvG07Z44UYdLShWUyXt5M/yhz8ekcb1A==",
      "dev": true
    },
    "signal-exit": {
      "version": "3.0.7",
      "resolved": "https://registry.npmjs.org/signal-exit/-/signal-exit-3.0.7.tgz",
      "integrity": "sha512-wnD2ZE+l+SPC/uoS0vXeE9L1+0wuaMqKlfz9AMUo38JsyLSBWSFcHR1Rri62LZc12vLr1gb3jl7iwQhgwpAbGQ==",
      "dev": true
    },
    "slice-ansi": {
      "version": "5.0.0",
      "resolved": "https://registry.npmjs.org/slice-ansi/-/slice-ansi-5.0.0.tgz",
      "integrity": "sha512-FC+lgizVPfie0kkhqUScwRu1O/lF6NOgJmlCgK+/LYxDCTk8sGelYaHDhFcDN+Sn3Cv+3VSa4Byeo+IMCzpMgQ==",
      "dev": true,
      "requires": {
        "ansi-styles": "^6.0.0",
        "is-fullwidth-code-point": "^4.0.0"
      }
    },
    "string-argv": {
      "version": "0.3.1",
      "resolved": "https://registry.npmjs.org/string-argv/-/string-argv-0.3.1.tgz",
      "integrity": "sha512-a1uQGz7IyVy9YwhqjZIZu1c8JO8dNIe20xBmSS6qu9kv++k3JGzCVmprbNN5Kn+BgzD5E7YYwg1CcjuJMRNsvg==",
      "dev": true
    },
    "string-width": {
      "version": "5.1.2",
      "resolved": "https://registry.npmjs.org/string-width/-/string-width-5.1.2.tgz",
      "integrity": "sha512-HnLOCR3vjcY8beoNLtcjZ5/nxn2afmME6lhrDrebokqMap+XbeW8n9TXpPDOqdGK5qcI3oT0GKTW6wC7EMiVqA==",
      "dev": true,
      "requires": {
        "eastasianwidth": "^0.2.0",
        "emoji-regex": "^9.2.2",
        "strip-ansi": "^7.0.1"
      }
    },
    "strip-ansi": {
      "version": "7.0.1",
      "resolved": "https://registry.npmjs.org/strip-ansi/-/strip-ansi-7.0.1.tgz",
      "integrity": "sha512-cXNxvT8dFNRVfhVME3JAe98mkXDYN2O1l7jmcwMnOslDeESg1rF/OZMtK0nRAhiari1unG5cD4jG3rapUAkLbw==",
      "dev": true,
      "requires": {
        "ansi-regex": "^6.0.1"
      }
    },
    "strip-final-newline": {
      "version": "3.0.0",
      "resolved": "https://registry.npmjs.org/strip-final-newline/-/strip-final-newline-3.0.0.tgz",
      "integrity": "sha512-dOESqjYr96iWYylGObzd39EuNTa5VJxyvVAEm5Jnh7KGo75V43Hk1odPQkNDyXNmUR6k+gEiDVXnjB8HJ3crXw==",
      "dev": true
    },
    "through": {
      "version": "2.3.8",
      "resolved": "https://registry.npmjs.org/through/-/through-2.3.8.tgz",
      "integrity": "sha512-w89qg7PI8wAdvX60bMDP+bFoD5Dvhm9oLheFp5O4a2QF0cSBGsBX4qZmadPMvVqlLJBBci+WqGGOAPvcDeNSVg==",
      "dev": true
    },
    "to-regex-range": {
      "version": "5.0.1",
      "resolved": "https://registry.npmjs.org/to-regex-range/-/to-regex-range-5.0.1.tgz",
      "integrity": "sha512-65P7iz6X5yEr1cwcgvQxbbIw7Uk3gOy5dIdtZ4rDveLqhrdJP+Li/Hx6tyK0NEb+2GCyneCMJiGqrADCSNk8sQ==",
      "dev": true,
      "requires": {
        "is-number": "^7.0.0"
      }
    },
    "tslib": {
      "version": "2.4.1",
      "resolved": "https://registry.npmjs.org/tslib/-/tslib-2.4.1.tgz",
      "integrity": "sha512-tGyy4dAjRIEwI7BzsB0lynWgOpfqjUdq91XXAlIWD2OwKBH7oCl/GZG/HT4BOHrTlPMOASlMQ7veyTqpmRcrNA==",
      "dev": true
    },
    "type-fest": {
      "version": "0.21.3",
      "resolved": "https://registry.npmjs.org/type-fest/-/type-fest-0.21.3.tgz",
      "integrity": "sha512-t0rzBq87m3fVcduHDUFhKmyyX+9eo6WQjZvf51Ea/M0Q7+T374Jp1aUiyUl0GKxp8M/OETVHSDvmkyPgvX+X2w==",
      "dev": true
    },
    "unist-util-stringify-position": {
      "version": "3.0.2",
      "resolved": "https://registry.npmjs.org/unist-util-stringify-position/-/unist-util-stringify-position-3.0.2.tgz",
      "integrity": "sha512-7A6eiDCs9UtjcwZOcCpM4aPII3bAAGv13E96IkawkOAW0OhH+yRxtY0lzo8KiHpzEMfH7Q+FizUmwp8Iqy5EWg==",
      "dev": true,
      "requires": {
        "@types/unist": "^2.0.0"
      }
    },
    "uvu": {
      "version": "0.5.6",
      "resolved": "https://registry.npmjs.org/uvu/-/uvu-0.5.6.tgz",
      "integrity": "sha512-+g8ENReyr8YsOc6fv/NVJs2vFdHBnBNdfE49rshrTzDWOlUx4Gq7KOS2GD8eqhy2j+Ejq29+SbKH8yjkAqXqoA==",
      "dev": true,
      "requires": {
        "dequal": "^2.0.0",
        "diff": "^5.0.0",
        "kleur": "^4.0.3",
        "sade": "^1.7.3"
      }
    },
    "which": {
      "version": "2.0.2",
      "resolved": "https://registry.npmjs.org/which/-/which-2.0.2.tgz",
      "integrity": "sha512-BLI3Tl1TW3Pvl70l3yq3Y64i+awpwXqsGBYWkkqMtnbXgrMD+yj7rhW0kuEDxzJaYXGjEW5ogapKNMEKNMjibA==",
      "dev": true,
      "requires": {
        "isexe": "^2.0.0"
      }
    },
    "wrap-ansi": {
      "version": "7.0.0",
      "resolved": "https://registry.npmjs.org/wrap-ansi/-/wrap-ansi-7.0.0.tgz",
      "integrity": "sha512-YVGIj2kamLSTxw6NsZjoBxfSwsn0ycdesmc4p+Q21c5zPuZ1pl+NfxVdxPtdHvmNVOQ6XSYG4AUtyt/Fi7D16Q==",
      "dev": true,
      "requires": {
        "ansi-styles": "^4.0.0",
        "string-width": "^4.1.0",
        "strip-ansi": "^6.0.0"
      },
      "dependencies": {
        "ansi-regex": {
          "version": "5.0.1",
          "resolved": "https://registry.npmjs.org/ansi-regex/-/ansi-regex-5.0.1.tgz",
          "integrity": "sha512-quJQXlTSUGL2LH9SUXo8VwsY4soanhgo6LNSm84E1LBcE8s3O0wpdiRzyR9z/ZZJMlMWv37qOOb9pdJlMUEKFQ==",
          "dev": true
        },
        "ansi-styles": {
          "version": "4.3.0",
          "resolved": "https://registry.npmjs.org/ansi-styles/-/ansi-styles-4.3.0.tgz",
          "integrity": "sha512-zbB9rCJAT1rbjiVDb2hqKFHNYLxgtk8NURxZ3IZwD3F6NtxbXZQCnnSi1Lkx+IDohdPlFp222wVALIheZJQSEg==",
          "dev": true,
          "requires": {
            "color-convert": "^2.0.1"
          }
        },
        "emoji-regex": {
          "version": "8.0.0",
          "resolved": "https://registry.npmjs.org/emoji-regex/-/emoji-regex-8.0.0.tgz",
          "integrity": "sha512-MSjYzcWNOA0ewAHpz0MxpYFvwg6yjy1NG3xteoqz644VCo/RPgnr1/GGt+ic3iJTzQ8Eu3TdM14SawnVUmGE6A==",
          "dev": true
        },
        "is-fullwidth-code-point": {
          "version": "3.0.0",
          "resolved": "https://registry.npmjs.org/is-fullwidth-code-point/-/is-fullwidth-code-point-3.0.0.tgz",
          "integrity": "sha512-zymm5+u+sCsSWyD9qNaejV3DFvhCKclKdizYaJUuHA83RLjb7nSuGnddCHGv0hk+KY7BMAlsWeK4Ueg6EV6XQg==",
          "dev": true
        },
        "string-width": {
          "version": "4.2.3",
          "resolved": "https://registry.npmjs.org/string-width/-/string-width-4.2.3.tgz",
          "integrity": "sha512-wKyQRQpjJ0sIp62ErSZdGsjMJWsap5oRNihHhu6G7JVO/9jIB6UyevL+tXuOqrng8j/cxKTWyWUwvSTriiZz/g==",
          "dev": true,
          "requires": {
            "emoji-regex": "^8.0.0",
            "is-fullwidth-code-point": "^3.0.0",
            "strip-ansi": "^6.0.1"
          }
        },
        "strip-ansi": {
          "version": "6.0.1",
          "resolved": "https://registry.npmjs.org/strip-ansi/-/strip-ansi-6.0.1.tgz",
          "integrity": "sha512-Y38VPSHcqkFrCpFnQ9vuSXmquuv5oXOKpGeT6aGrr3o3Gc9AlVa6JBfUSOCnbxGGZF+/0ooI7KrPuUSztUdU5A==",
          "dev": true,
          "requires": {
            "ansi-regex": "^5.0.1"
          }
        }
      }
    },
    "wrappy": {
      "version": "1.0.2",
      "resolved": "https://registry.npmjs.org/wrappy/-/wrappy-1.0.2.tgz",
      "integrity": "sha512-l4Sp/DRseor9wL6EvV2+TuQn63dMkPjZ/sp9XkghTEbV9KlPS1xUsZ3u7/IQO4wxtcFB4bgpQPRcR3QCvezPcQ=="
    },
    "yaml": {
      "version": "2.1.3",
      "resolved": "https://registry.npmjs.org/yaml/-/yaml-2.1.3.tgz",
      "integrity": "sha512-AacA8nRULjKMX2DvWvOAdBZMOfQlypSFkjcOcu9FalllIDJ1kvlREzcdIZmidQUqqeMv7jorHjq2HlLv/+c2lg==",
      "dev": true
    }
  }
}
